
Microsoft Visual Studio Solution File, Format Version 12.00
# Visual Studio Version 17
VisualStudioVersion = 17.5.002.0
MinimumVisualStudioVersion = 10.0.40219.1
Project("{9A19103F-16F7-4668-BE54-9A1E7A4F7556}") = "1337", "1337.csproj", "{AE59E155-DB26-4240-8E5C-7E3B4C55CD5D}"
EndProject
Global
	GlobalSection(SolutionConfigurationPlatforms) = preSolution
		Debug|Any CPU = Debug|Any CPU
		Release|Any CPU = Release|Any CPU
	EndGlobalSection
	GlobalSection(ProjectConfigurationPlatforms) = postSolution
		{AE59E155-DB26-4240-8E5C-7E3B4C55CD5D}.Debug|Any CPU.ActiveCfg = Debug|Any CPU
		{AE59E155-DB26-4240-8E5C-7E3B4C55CD5D}.Debug|Any CPU.Build.0 = Debug|Any CPU
		{AE59E155-DB26-4240-8E5C-7E3B4C55CD5D}.Release|Any CPU.ActiveCfg = Release|Any CPU
		{AE59E155-DB26-4240-8E5C-7E3B4C55CD5D}.Release|Any CPU.Build.0 = Release|Any CPU
	EndGlobalSection
	GlobalSection(SolutionProperties) = preSolution
		HideSolutionNode = FALSE
	EndGlobalSection
	GlobalSection(ExtensibilityGlobals) = postSolution
		SolutionGuid = {381227C5-8462-4A56-BE52-EDDD728C5BC3}
	EndGlobalSection
EndGlobal
