
Microsoft Visual Studio Solution File, Format Version 12.00
# Visual Studio Version 17
VisualStudioVersion = 17.5.002.0
MinimumVisualStudioVersion = 10.0.40219.1
Project("{9A19103F-16F7-4668-BE54-9A1E7A4F7556}") = "1302", "1302.csproj", "{4245670C-EDF3-45BC-941B-2715FDBAFCE7}"
EndProject
Global
	GlobalSection(SolutionConfigurationPlatforms) = preSolution
		Debug|Any CPU = Debug|Any CPU
		Release|Any CPU = Release|Any CPU
	EndGlobalSection
	GlobalSection(ProjectConfigurationPlatforms) = postSolution
		{4245670C-EDF3-45BC-941B-2715FDBAFCE7}.Debug|Any CPU.ActiveCfg = Debug|Any CPU
		{4245670C-EDF3-45BC-941B-2715FDBAFCE7}.Debug|Any CPU.Build.0 = Debug|Any CPU
		{4245670C-EDF3-45BC-941B-2715FDBAFCE7}.Release|Any CPU.ActiveCfg = Release|Any CPU
		{4245670C-EDF3-45BC-941B-2715FDBAFCE7}.Release|Any CPU.Build.0 = Release|Any CPU
	EndGlobalSection
	GlobalSection(SolutionProperties) = preSolution
		HideSolutionNode = FALSE
	EndGlobalSection
	GlobalSection(ExtensibilityGlobals) = postSolution
		SolutionGuid = {7B69930D-DF0B-4956-9A0E-46CE940264BA}
	EndGlobalSection
EndGlobal
