
Microsoft Visual Studio Solution File, Format Version 12.00
# Visual Studio Version 17
VisualStudioVersion = 17.5.002.0
MinimumVisualStudioVersion = 10.0.40219.1
Project("{9A19103F-16F7-4668-BE54-9A1E7A4F7556}") = "1912", "1912.csproj", "{145B9EBD-7DFA-4201-8834-F5E824668BD1}"
EndProject
Global
	GlobalSection(SolutionConfigurationPlatforms) = preSolution
		Debug|Any CPU = Debug|Any CPU
		Release|Any CPU = Release|Any CPU
	EndGlobalSection
	GlobalSection(ProjectConfigurationPlatforms) = postSolution
		{145B9EBD-7DFA-4201-8834-F5E824668BD1}.Debug|Any CPU.ActiveCfg = Debug|Any CPU
		{145B9EBD-7DFA-4201-8834-F5E824668BD1}.Debug|Any CPU.Build.0 = Debug|Any CPU
		{145B9EBD-7DFA-4201-8834-F5E824668BD1}.Release|Any CPU.ActiveCfg = Release|Any CPU
		{145B9EBD-7DFA-4201-8834-F5E824668BD1}.Release|Any CPU.Build.0 = Release|Any CPU
	EndGlobalSection
	GlobalSection(SolutionProperties) = preSolution
		HideSolutionNode = FALSE
	EndGlobalSection
	GlobalSection(ExtensibilityGlobals) = postSolution
		SolutionGuid = {DE498287-9A82-4E57-9713-D17D80C6F335}
	EndGlobalSection
EndGlobal
