
Microsoft Visual Studio Solution File, Format Version 12.00
# Visual Studio Version 17
VisualStudioVersion = 17.5.002.0
MinimumVisualStudioVersion = 10.0.40219.1
Project("{9A19103F-16F7-4668-BE54-9A1E7A4F7556}") = "5073", "5073.csproj", "{96184B6D-9C25-40F6-97DA-745241ED16A5}"
EndProject
Global
	GlobalSection(SolutionConfigurationPlatforms) = preSolution
		Debug|Any CPU = Debug|Any CPU
		Release|Any CPU = Release|Any CPU
	EndGlobalSection
	GlobalSection(ProjectConfigurationPlatforms) = postSolution
		{96184B6D-9C25-40F6-97DA-745241ED16A5}.Debug|Any CPU.ActiveCfg = Debug|Any CPU
		{96184B6D-9C25-40F6-97DA-745241ED16A5}.Debug|Any CPU.Build.0 = Debug|Any CPU
		{96184B6D-9C25-40F6-97DA-745241ED16A5}.Release|Any CPU.ActiveCfg = Release|Any CPU
		{96184B6D-9C25-40F6-97DA-745241ED16A5}.Release|Any CPU.Build.0 = Release|Any CPU
	EndGlobalSection
	GlobalSection(SolutionProperties) = preSolution
		HideSolutionNode = FALSE
	EndGlobalSection
	GlobalSection(ExtensibilityGlobals) = postSolution
		SolutionGuid = {4CBFED04-B5E6-415E-A855-81B9FF66C34A}
	EndGlobalSection
EndGlobal
