
Microsoft Visual Studio Solution File, Format Version 12.00
# Visual Studio Version 17
VisualStudioVersion = 17.5.002.0
MinimumVisualStudioVersion = 10.0.40219.1
Project("{9A19103F-16F7-4668-BE54-9A1E7A4F7556}") = "10871", "10871.csproj", "{180E48FA-644A-432B-8AB1-4F23FEC5D1F8}"
EndProject
Global
	GlobalSection(SolutionConfigurationPlatforms) = preSolution
		Debug|Any CPU = Debug|Any CPU
		Release|Any CPU = Release|Any CPU
	EndGlobalSection
	GlobalSection(ProjectConfigurationPlatforms) = postSolution
		{180E48FA-644A-432B-8AB1-4F23FEC5D1F8}.Debug|Any CPU.ActiveCfg = Debug|Any CPU
		{180E48FA-644A-432B-8AB1-4F23FEC5D1F8}.Debug|Any CPU.Build.0 = Debug|Any CPU
		{180E48FA-644A-432B-8AB1-4F23FEC5D1F8}.Release|Any CPU.ActiveCfg = Release|Any CPU
		{180E48FA-644A-432B-8AB1-4F23FEC5D1F8}.Release|Any CPU.Build.0 = Release|Any CPU
	EndGlobalSection
	GlobalSection(SolutionProperties) = preSolution
		HideSolutionNode = FALSE
	EndGlobalSection
	GlobalSection(ExtensibilityGlobals) = postSolution
		SolutionGuid = {9B9E8FBD-811A-42FC-85E6-1F364E786185}
	EndGlobalSection
EndGlobal
