
Microsoft Visual Studio Solution File, Format Version 12.00
# Visual Studio Version 17
VisualStudioVersion = 17.5.002.0
MinimumVisualStudioVersion = 10.0.40219.1
Project("{9A19103F-16F7-4668-BE54-9A1E7A4F7556}") = "2042", "2042.csproj", "{30A57F59-9CEA-43C8-ABA1-72FB71C86B01}"
EndProject
Global
	GlobalSection(SolutionConfigurationPlatforms) = preSolution
		Debug|Any CPU = Debug|Any CPU
		Release|Any CPU = Release|Any CPU
	EndGlobalSection
	GlobalSection(ProjectConfigurationPlatforms) = postSolution
		{30A57F59-9CEA-43C8-ABA1-72FB71C86B01}.Debug|Any CPU.ActiveCfg = Debug|Any CPU
		{30A57F59-9CEA-43C8-ABA1-72FB71C86B01}.Debug|Any CPU.Build.0 = Debug|Any CPU
		{30A57F59-9CEA-43C8-ABA1-72FB71C86B01}.Release|Any CPU.ActiveCfg = Release|Any CPU
		{30A57F59-9CEA-43C8-ABA1-72FB71C86B01}.Release|Any CPU.Build.0 = Release|Any CPU
	EndGlobalSection
	GlobalSection(SolutionProperties) = preSolution
		HideSolutionNode = FALSE
	EndGlobalSection
	GlobalSection(ExtensibilityGlobals) = postSolution
		SolutionGuid = {A5F5CEB9-A36B-4744-BFE9-4A82633B3454}
	EndGlobalSection
EndGlobal
