
Microsoft Visual Studio Solution File, Format Version 12.00
# Visual Studio Version 17
VisualStudioVersion = 17.10.35013.160
MinimumVisualStudioVersion = 10.0.40219.1
Project("{FAE04EC0-301F-11D3-BF4B-00C04F79EFBC}") = "BOJ 2745", "BOJ 2745.csproj", "{BF3B5B25-30E6-4035-9E2B-91EB02D37B2B}"
EndProject
Global
	GlobalSection(SolutionConfigurationPlatforms) = preSolution
		Debug|Any CPU = Debug|Any CPU
		Release|Any CPU = Release|Any CPU
	EndGlobalSection
	GlobalSection(ProjectConfigurationPlatforms) = postSolution
		{BF3B5B25-30E6-4035-9E2B-91EB02D37B2B}.Debug|Any CPU.ActiveCfg = Debug|Any CPU
		{BF3B5B25-30E6-4035-9E2B-91EB02D37B2B}.Debug|Any CPU.Build.0 = Debug|Any CPU
		{BF3B5B25-30E6-4035-9E2B-91EB02D37B2B}.Release|Any CPU.ActiveCfg = Release|Any CPU
		{BF3B5B25-30E6-4035-9E2B-91EB02D37B2B}.Release|Any CPU.Build.0 = Release|Any CPU
	EndGlobalSection
	GlobalSection(SolutionProperties) = preSolution
		HideSolutionNode = FALSE
	EndGlobalSection
	GlobalSection(ExtensibilityGlobals) = postSolution
		SolutionGuid = {79AB8135-4C03-4F27-A0DE-AA89F907C8E7}
	EndGlobalSection
EndGlobal
