
Microsoft Visual Studio Solution File, Format Version 12.00
# Visual Studio Version 17
VisualStudioVersion = 17.5.002.0
MinimumVisualStudioVersion = 10.0.40219.1
Project("{9A19103F-16F7-4668-BE54-9A1E7A4F7556}") = "1316", "1316.csproj", "{0DAD17C0-BF7B-49CB-B57F-7D66FCB73F08}"
EndProject
Global
	GlobalSection(SolutionConfigurationPlatforms) = preSolution
		Debug|Any CPU = Debug|Any CPU
		Release|Any CPU = Release|Any CPU
	EndGlobalSection
	GlobalSection(ProjectConfigurationPlatforms) = postSolution
		{0DAD17C0-BF7B-49CB-B57F-7D66FCB73F08}.Debug|Any CPU.ActiveCfg = Debug|Any CPU
		{0DAD17C0-BF7B-49CB-B57F-7D66FCB73F08}.Debug|Any CPU.Build.0 = Debug|Any CPU
		{0DAD17C0-BF7B-49CB-B57F-7D66FCB73F08}.Release|Any CPU.ActiveCfg = Release|Any CPU
		{0DAD17C0-BF7B-49CB-B57F-7D66FCB73F08}.Release|Any CPU.Build.0 = Release|Any CPU
	EndGlobalSection
	GlobalSection(SolutionProperties) = preSolution
		HideSolutionNode = FALSE
	EndGlobalSection
	GlobalSection(ExtensibilityGlobals) = postSolution
		SolutionGuid = {4DE90362-DF8F-41D5-96D1-F75E92BAB5D3}
	EndGlobalSection
EndGlobal
