
Microsoft Visual Studio Solution File, Format Version 12.00
# Visual Studio Version 17
VisualStudioVersion = 17.5.002.0
MinimumVisualStudioVersion = 10.0.40219.1
Project("{9A19103F-16F7-4668-BE54-9A1E7A4F7556}") = "9498", "9498.csproj", "{A79C8CB2-FBAE-47AC-91A1-892AA53A0994}"
EndProject
Global
	GlobalSection(SolutionConfigurationPlatforms) = preSolution
		Debug|Any CPU = Debug|Any CPU
		Release|Any CPU = Release|Any CPU
	EndGlobalSection
	GlobalSection(ProjectConfigurationPlatforms) = postSolution
		{A79C8CB2-FBAE-47AC-91A1-892AA53A0994}.Debug|Any CPU.ActiveCfg = Debug|Any CPU
		{A79C8CB2-FBAE-47AC-91A1-892AA53A0994}.Debug|Any CPU.Build.0 = Debug|Any CPU
		{A79C8CB2-FBAE-47AC-91A1-892AA53A0994}.Release|Any CPU.ActiveCfg = Release|Any CPU
		{A79C8CB2-FBAE-47AC-91A1-892AA53A0994}.Release|Any CPU.Build.0 = Release|Any CPU
	EndGlobalSection
	GlobalSection(SolutionProperties) = preSolution
		HideSolutionNode = FALSE
	EndGlobalSection
	GlobalSection(ExtensibilityGlobals) = postSolution
		SolutionGuid = {5DC5FAC4-491C-4041-9B72-4FFD5EF3F04E}
	EndGlobalSection
EndGlobal
