
Microsoft Visual Studio Solution File, Format Version 12.00
# Visual Studio Version 17
VisualStudioVersion = 17.5.002.0
MinimumVisualStudioVersion = 10.0.40219.1
Project("{9A19103F-16F7-4668-BE54-9A1E7A4F7556}") = "103", "103.csproj", "{DBCD1325-19F6-4FA7-9BEB-79800C8CD388}"
EndProject
Global
	GlobalSection(SolutionConfigurationPlatforms) = preSolution
		Debug|Any CPU = Debug|Any CPU
		Release|Any CPU = Release|Any CPU
	EndGlobalSection
	GlobalSection(ProjectConfigurationPlatforms) = postSolution
		{DBCD1325-19F6-4FA7-9BEB-79800C8CD388}.Debug|Any CPU.ActiveCfg = Debug|Any CPU
		{DBCD1325-19F6-4FA7-9BEB-79800C8CD388}.Debug|Any CPU.Build.0 = Debug|Any CPU
		{DBCD1325-19F6-4FA7-9BEB-79800C8CD388}.Release|Any CPU.ActiveCfg = Release|Any CPU
		{DBCD1325-19F6-4FA7-9BEB-79800C8CD388}.Release|Any CPU.Build.0 = Release|Any CPU
	EndGlobalSection
	GlobalSection(SolutionProperties) = preSolution
		HideSolutionNode = FALSE
	EndGlobalSection
	GlobalSection(ExtensibilityGlobals) = postSolution
		SolutionGuid = {F4D2C2E9-F47B-4479-99BE-2B3CE88D1BF3}
	EndGlobalSection
EndGlobal
