
Microsoft Visual Studio Solution File, Format Version 12.00
# Visual Studio Version 17
VisualStudioVersion = 17.5.002.0
MinimumVisualStudioVersion = 10.0.40219.1
Project("{9A19103F-16F7-4668-BE54-9A1E7A4F7556}") = "10798", "10798.csproj", "{5C89CAC7-7247-47C0-8D7A-E74AD28A574B}"
EndProject
Global
	GlobalSection(SolutionConfigurationPlatforms) = preSolution
		Debug|Any CPU = Debug|Any CPU
		Release|Any CPU = Release|Any CPU
	EndGlobalSection
	GlobalSection(ProjectConfigurationPlatforms) = postSolution
		{5C89CAC7-7247-47C0-8D7A-E74AD28A574B}.Debug|Any CPU.ActiveCfg = Debug|Any CPU
		{5C89CAC7-7247-47C0-8D7A-E74AD28A574B}.Debug|Any CPU.Build.0 = Debug|Any CPU
		{5C89CAC7-7247-47C0-8D7A-E74AD28A574B}.Release|Any CPU.ActiveCfg = Release|Any CPU
		{5C89CAC7-7247-47C0-8D7A-E74AD28A574B}.Release|Any CPU.Build.0 = Release|Any CPU
	EndGlobalSection
	GlobalSection(SolutionProperties) = preSolution
		HideSolutionNode = FALSE
	EndGlobalSection
	GlobalSection(ExtensibilityGlobals) = postSolution
		SolutionGuid = {016E8B3A-8BCD-4DF7-965C-9055AFA34B95}
	EndGlobalSection
EndGlobal
