
Microsoft Visual Studio Solution File, Format Version 12.00
# Visual Studio Version 17
VisualStudioVersion = 17.10.35013.160
MinimumVisualStudioVersion = 10.0.40219.1
Project("{FAE04EC0-301F-11D3-BF4B-00C04F79EFBC}") = "BOJ 11403", "BOJ 11403.csproj", "{77600AD3-7C12-498F-B01D-3A1A7C864E50}"
EndProject
Global
	GlobalSection(SolutionConfigurationPlatforms) = preSolution
		Debug|Any CPU = Debug|Any CPU
		Release|Any CPU = Release|Any CPU
	EndGlobalSection
	GlobalSection(ProjectConfigurationPlatforms) = postSolution
		{77600AD3-7C12-498F-B01D-3A1A7C864E50}.Debug|Any CPU.ActiveCfg = Debug|Any CPU
		{77600AD3-7C12-498F-B01D-3A1A7C864E50}.Debug|Any CPU.Build.0 = Debug|Any CPU
		{77600AD3-7C12-498F-B01D-3A1A7C864E50}.Release|Any CPU.ActiveCfg = Release|Any CPU
		{77600AD3-7C12-498F-B01D-3A1A7C864E50}.Release|Any CPU.Build.0 = Release|Any CPU
	EndGlobalSection
	GlobalSection(SolutionProperties) = preSolution
		HideSolutionNode = FALSE
	EndGlobalSection
	GlobalSection(ExtensibilityGlobals) = postSolution
		SolutionGuid = {C38CE5D4-EDA2-493B-8EC9-4335B6A23606}
	EndGlobalSection
EndGlobal
