
Microsoft Visual Studio Solution File, Format Version 12.00
# Visual Studio Version 17
VisualStudioVersion = 17.5.002.0
MinimumVisualStudioVersion = 10.0.40219.1
Project("{9A19103F-16F7-4668-BE54-9A1E7A4F7556}") = "1717", "1717.csproj", "{A153582E-78E4-413F-A765-AD6465C404BB}"
EndProject
Global
	GlobalSection(SolutionConfigurationPlatforms) = preSolution
		Debug|Any CPU = Debug|Any CPU
		Release|Any CPU = Release|Any CPU
	EndGlobalSection
	GlobalSection(ProjectConfigurationPlatforms) = postSolution
		{A153582E-78E4-413F-A765-AD6465C404BB}.Debug|Any CPU.ActiveCfg = Debug|Any CPU
		{A153582E-78E4-413F-A765-AD6465C404BB}.Debug|Any CPU.Build.0 = Debug|Any CPU
		{A153582E-78E4-413F-A765-AD6465C404BB}.Release|Any CPU.ActiveCfg = Release|Any CPU
		{A153582E-78E4-413F-A765-AD6465C404BB}.Release|Any CPU.Build.0 = Release|Any CPU
	EndGlobalSection
	GlobalSection(SolutionProperties) = preSolution
		HideSolutionNode = FALSE
	EndGlobalSection
	GlobalSection(ExtensibilityGlobals) = postSolution
		SolutionGuid = {40D878C9-514E-48E1-895A-091D998DC2BC}
	EndGlobalSection
EndGlobal
