
Microsoft Visual Studio Solution File, Format Version 12.00
# Visual Studio Version 17
VisualStudioVersion = 17.5.002.0
MinimumVisualStudioVersion = 10.0.40219.1
Project("{9A19103F-16F7-4668-BE54-9A1E7A4F7556}") = "2439", "2439.csproj", "{51B406CA-618F-44D1-B561-EFBE8326FE53}"
EndProject
Global
	GlobalSection(SolutionConfigurationPlatforms) = preSolution
		Debug|Any CPU = Debug|Any CPU
		Release|Any CPU = Release|Any CPU
	EndGlobalSection
	GlobalSection(ProjectConfigurationPlatforms) = postSolution
		{51B406CA-618F-44D1-B561-EFBE8326FE53}.Debug|Any CPU.ActiveCfg = Debug|Any CPU
		{51B406CA-618F-44D1-B561-EFBE8326FE53}.Debug|Any CPU.Build.0 = Debug|Any CPU
		{51B406CA-618F-44D1-B561-EFBE8326FE53}.Release|Any CPU.ActiveCfg = Release|Any CPU
		{51B406CA-618F-44D1-B561-EFBE8326FE53}.Release|Any CPU.Build.0 = Release|Any CPU
	EndGlobalSection
	GlobalSection(SolutionProperties) = preSolution
		HideSolutionNode = FALSE
	EndGlobalSection
	GlobalSection(ExtensibilityGlobals) = postSolution
		SolutionGuid = {2401AFFE-59EC-453C-B7AA-B714305F25E7}
	EndGlobalSection
EndGlobal
