
Microsoft Visual Studio Solution File, Format Version 12.00
# Visual Studio Version 17
VisualStudioVersion = 17.5.002.0
MinimumVisualStudioVersion = 10.0.40219.1
Project("{9A19103F-16F7-4668-BE54-9A1E7A4F7556}") = "1920", "1920.csproj", "{A93BF588-A8F0-47CC-8D06-96D3293B1C07}"
EndProject
Global
	GlobalSection(SolutionConfigurationPlatforms) = preSolution
		Debug|Any CPU = Debug|Any CPU
		Release|Any CPU = Release|Any CPU
	EndGlobalSection
	GlobalSection(ProjectConfigurationPlatforms) = postSolution
		{A93BF588-A8F0-47CC-8D06-96D3293B1C07}.Debug|Any CPU.ActiveCfg = Debug|Any CPU
		{A93BF588-A8F0-47CC-8D06-96D3293B1C07}.Debug|Any CPU.Build.0 = Debug|Any CPU
		{A93BF588-A8F0-47CC-8D06-96D3293B1C07}.Release|Any CPU.ActiveCfg = Release|Any CPU
		{A93BF588-A8F0-47CC-8D06-96D3293B1C07}.Release|Any CPU.Build.0 = Release|Any CPU
	EndGlobalSection
	GlobalSection(SolutionProperties) = preSolution
		HideSolutionNode = FALSE
	EndGlobalSection
	GlobalSection(ExtensibilityGlobals) = postSolution
		SolutionGuid = {44016FBD-C74B-483C-A7CD-BA9512917B5D}
	EndGlobalSection
EndGlobal
