
Microsoft Visual Studio Solution File, Format Version 12.00
# Visual Studio Version 17
VisualStudioVersion = 17.10.35013.160
MinimumVisualStudioVersion = 10.0.40219.1
Project("{FAE04EC0-301F-11D3-BF4B-00C04F79EFBC}") = "BOJ 10988", "BOJ 10988.csproj", "{0C548B45-34D0-4F80-9B86-DB9C4A778674}"
EndProject
Global
	GlobalSection(SolutionConfigurationPlatforms) = preSolution
		Debug|Any CPU = Debug|Any CPU
		Release|Any CPU = Release|Any CPU
	EndGlobalSection
	GlobalSection(ProjectConfigurationPlatforms) = postSolution
		{0C548B45-34D0-4F80-9B86-DB9C4A778674}.Debug|Any CPU.ActiveCfg = Debug|Any CPU
		{0C548B45-34D0-4F80-9B86-DB9C4A778674}.Debug|Any CPU.Build.0 = Debug|Any CPU
		{0C548B45-34D0-4F80-9B86-DB9C4A778674}.Release|Any CPU.ActiveCfg = Release|Any CPU
		{0C548B45-34D0-4F80-9B86-DB9C4A778674}.Release|Any CPU.Build.0 = Release|Any CPU
	EndGlobalSection
	GlobalSection(SolutionProperties) = preSolution
		HideSolutionNode = FALSE
	EndGlobalSection
	GlobalSection(ExtensibilityGlobals) = postSolution
		SolutionGuid = {7939DDA5-8208-4024-B926-CAD61F037B5D}
	EndGlobalSection
EndGlobal
