
Microsoft Visual Studio Solution File, Format Version 12.00
# Visual Studio Version 17
VisualStudioVersion = 17.5.002.0
MinimumVisualStudioVersion = 10.0.40219.1
Project("{9A19103F-16F7-4668-BE54-9A1E7A4F7556}") = "11720", "11720.csproj", "{C4AB1F81-1787-4CD8-977D-B0B8C5D83ACB}"
EndProject
Global
	GlobalSection(SolutionConfigurationPlatforms) = preSolution
		Debug|Any CPU = Debug|Any CPU
		Release|Any CPU = Release|Any CPU
	EndGlobalSection
	GlobalSection(ProjectConfigurationPlatforms) = postSolution
		{C4AB1F81-1787-4CD8-977D-B0B8C5D83ACB}.Debug|Any CPU.ActiveCfg = Debug|Any CPU
		{C4AB1F81-1787-4CD8-977D-B0B8C5D83ACB}.Debug|Any CPU.Build.0 = Debug|Any CPU
		{C4AB1F81-1787-4CD8-977D-B0B8C5D83ACB}.Release|Any CPU.ActiveCfg = Release|Any CPU
		{C4AB1F81-1787-4CD8-977D-B0B8C5D83ACB}.Release|Any CPU.Build.0 = Release|Any CPU
	EndGlobalSection
	GlobalSection(SolutionProperties) = preSolution
		HideSolutionNode = FALSE
	EndGlobalSection
	GlobalSection(ExtensibilityGlobals) = postSolution
		SolutionGuid = {39F439C5-E6DA-48D0-8EA1-92B88DBB024E}
	EndGlobalSection
EndGlobal
