
Microsoft Visual Studio Solution File, Format Version 12.00
# Visual Studio Version 17
VisualStudioVersion = 17.10.35013.160
MinimumVisualStudioVersion = 10.0.40219.1
Project("{FAE04EC0-301F-11D3-BF4B-00C04F79EFBC}") = "pgm_1844", "pgm_1844.csproj", "{4FD3408B-6B89-4919-BDD1-D8BE692A3402}"
EndProject
Global
	GlobalSection(SolutionConfigurationPlatforms) = preSolution
		Debug|Any CPU = Debug|Any CPU
		Release|Any CPU = Release|Any CPU
	EndGlobalSection
	GlobalSection(ProjectConfigurationPlatforms) = postSolution
		{4FD3408B-6B89-4919-BDD1-D8BE692A3402}.Debug|Any CPU.ActiveCfg = Debug|Any CPU
		{4FD3408B-6B89-4919-BDD1-D8BE692A3402}.Debug|Any CPU.Build.0 = Debug|Any CPU
		{4FD3408B-6B89-4919-BDD1-D8BE692A3402}.Release|Any CPU.ActiveCfg = Release|Any CPU
		{4FD3408B-6B89-4919-BDD1-D8BE692A3402}.Release|Any CPU.Build.0 = Release|Any CPU
	EndGlobalSection
	GlobalSection(SolutionProperties) = preSolution
		HideSolutionNode = FALSE
	EndGlobalSection
	GlobalSection(ExtensibilityGlobals) = postSolution
		SolutionGuid = {00693838-15A2-486C-8980-4601E9DD5255}
	EndGlobalSection
EndGlobal
