
Microsoft Visual Studio Solution File, Format Version 12.00
# Visual Studio Version 17
VisualStudioVersion = 17.5.002.0
MinimumVisualStudioVersion = 10.0.40219.1
Project("{9A19103F-16F7-4668-BE54-9A1E7A4F7556}") = "102", "102.csproj", "{12BA12EE-5CB2-48D3-A2B8-90BD51C96370}"
EndProject
Global
	GlobalSection(SolutionConfigurationPlatforms) = preSolution
		Debug|Any CPU = Debug|Any CPU
		Release|Any CPU = Release|Any CPU
	EndGlobalSection
	GlobalSection(ProjectConfigurationPlatforms) = postSolution
		{12BA12EE-5CB2-48D3-A2B8-90BD51C96370}.Debug|Any CPU.ActiveCfg = Debug|Any CPU
		{12BA12EE-5CB2-48D3-A2B8-90BD51C96370}.Debug|Any CPU.Build.0 = Debug|Any CPU
		{12BA12EE-5CB2-48D3-A2B8-90BD51C96370}.Release|Any CPU.ActiveCfg = Release|Any CPU
		{12BA12EE-5CB2-48D3-A2B8-90BD51C96370}.Release|Any CPU.Build.0 = Release|Any CPU
	EndGlobalSection
	GlobalSection(SolutionProperties) = preSolution
		HideSolutionNode = FALSE
	EndGlobalSection
	GlobalSection(ExtensibilityGlobals) = postSolution
		SolutionGuid = {5EC52415-2A03-4B76-B460-1F7F13D4FEB8}
	EndGlobalSection
EndGlobal
