
Microsoft Visual Studio Solution File, Format Version 12.00
# Visual Studio Version 17
VisualStudioVersion = 17.5.002.0
MinimumVisualStudioVersion = 10.0.40219.1
Project("{9A19103F-16F7-4668-BE54-9A1E7A4F7556}") = "1008", "1008.csproj", "{F1441051-3809-4C64-BCB3-7C05AD8C28FC}"
EndProject
Global
	GlobalSection(SolutionConfigurationPlatforms) = preSolution
		Debug|Any CPU = Debug|Any CPU
		Release|Any CPU = Release|Any CPU
	EndGlobalSection
	GlobalSection(ProjectConfigurationPlatforms) = postSolution
		{F1441051-3809-4C64-BCB3-7C05AD8C28FC}.Debug|Any CPU.ActiveCfg = Debug|Any CPU
		{F1441051-3809-4C64-BCB3-7C05AD8C28FC}.Debug|Any CPU.Build.0 = Debug|Any CPU
		{F1441051-3809-4C64-BCB3-7C05AD8C28FC}.Release|Any CPU.ActiveCfg = Release|Any CPU
		{F1441051-3809-4C64-BCB3-7C05AD8C28FC}.Release|Any CPU.Build.0 = Release|Any CPU
	EndGlobalSection
	GlobalSection(SolutionProperties) = preSolution
		HideSolutionNode = FALSE
	EndGlobalSection
	GlobalSection(ExtensibilityGlobals) = postSolution
		SolutionGuid = {013B216E-A5B1-4735-8A02-89FC4F23D932}
	EndGlobalSection
EndGlobal
