
Microsoft Visual Studio Solution File, Format Version 12.00
# Visual Studio Version 17
VisualStudioVersion = 17.5.002.0
MinimumVisualStudioVersion = 10.0.40219.1
Project("{9A19103F-16F7-4668-BE54-9A1E7A4F7556}") = "997", "997.csproj", "{101DC21F-89D2-4D9D-80EA-82153AD6A221}"
EndProject
Global
	GlobalSection(SolutionConfigurationPlatforms) = preSolution
		Debug|Any CPU = Debug|Any CPU
		Release|Any CPU = Release|Any CPU
	EndGlobalSection
	GlobalSection(ProjectConfigurationPlatforms) = postSolution
		{101DC21F-89D2-4D9D-80EA-82153AD6A221}.Debug|Any CPU.ActiveCfg = Debug|Any CPU
		{101DC21F-89D2-4D9D-80EA-82153AD6A221}.Debug|Any CPU.Build.0 = Debug|Any CPU
		{101DC21F-89D2-4D9D-80EA-82153AD6A221}.Release|Any CPU.ActiveCfg = Release|Any CPU
		{101DC21F-89D2-4D9D-80EA-82153AD6A221}.Release|Any CPU.Build.0 = Release|Any CPU
	EndGlobalSection
	GlobalSection(SolutionProperties) = preSolution
		HideSolutionNode = FALSE
	EndGlobalSection
	GlobalSection(ExtensibilityGlobals) = postSolution
		SolutionGuid = {2B1F183D-FA8C-4626-8465-28600DEF5974}
	EndGlobalSection
EndGlobal
