
Microsoft Visual Studio Solution File, Format Version 12.00
# Visual Studio Version 17
VisualStudioVersion = 17.5.002.0
MinimumVisualStudioVersion = 10.0.40219.1
Project("{9A19103F-16F7-4668-BE54-9A1E7A4F7556}") = "746", "746.csproj", "{F3854897-D934-4E8E-97F3-0293DE5D6E6B}"
EndProject
Global
	GlobalSection(SolutionConfigurationPlatforms) = preSolution
		Debug|Any CPU = Debug|Any CPU
		Release|Any CPU = Release|Any CPU
	EndGlobalSection
	GlobalSection(ProjectConfigurationPlatforms) = postSolution
		{F3854897-D934-4E8E-97F3-0293DE5D6E6B}.Debug|Any CPU.ActiveCfg = Debug|Any CPU
		{F3854897-D934-4E8E-97F3-0293DE5D6E6B}.Debug|Any CPU.Build.0 = Debug|Any CPU
		{F3854897-D934-4E8E-97F3-0293DE5D6E6B}.Release|Any CPU.ActiveCfg = Release|Any CPU
		{F3854897-D934-4E8E-97F3-0293DE5D6E6B}.Release|Any CPU.Build.0 = Release|Any CPU
	EndGlobalSection
	GlobalSection(SolutionProperties) = preSolution
		HideSolutionNode = FALSE
	EndGlobalSection
	GlobalSection(ExtensibilityGlobals) = postSolution
		SolutionGuid = {E14886FB-6AC0-44BC-8A45-060DB5E07E99}
	EndGlobalSection
EndGlobal
