
Microsoft Visual Studio Solution File, Format Version 12.00
# Visual Studio Version 17
VisualStudioVersion = 17.10.35013.160
MinimumVisualStudioVersion = 10.0.40219.1
Project("{FAE04EC0-301F-11D3-BF4B-00C04F79EFBC}") = "BOJ 2941", "BOJ 2941.csproj", "{CB893D20-48C6-48B6-9556-A64DBD39F4D7}"
EndProject
Global
	GlobalSection(SolutionConfigurationPlatforms) = preSolution
		Debug|Any CPU = Debug|Any CPU
		Release|Any CPU = Release|Any CPU
	EndGlobalSection
	GlobalSection(ProjectConfigurationPlatforms) = postSolution
		{CB893D20-48C6-48B6-9556-A64DBD39F4D7}.Debug|Any CPU.ActiveCfg = Debug|Any CPU
		{CB893D20-48C6-48B6-9556-A64DBD39F4D7}.Debug|Any CPU.Build.0 = Debug|Any CPU
		{CB893D20-48C6-48B6-9556-A64DBD39F4D7}.Release|Any CPU.ActiveCfg = Release|Any CPU
		{CB893D20-48C6-48B6-9556-A64DBD39F4D7}.Release|Any CPU.Build.0 = Release|Any CPU
	EndGlobalSection
	GlobalSection(SolutionProperties) = preSolution
		HideSolutionNode = FALSE
	EndGlobalSection
	GlobalSection(ExtensibilityGlobals) = postSolution
		SolutionGuid = {64E5C187-B7DE-4213-AAAF-A38CC6534FC9}
	EndGlobalSection
EndGlobal
