
Microsoft Visual Studio Solution File, Format Version 12.00
# Visual Studio Version 17
VisualStudioVersion = 17.10.35013.160
MinimumVisualStudioVersion = 10.0.40219.1
Project("{FAE04EC0-301F-11D3-BF4B-00C04F79EFBC}") = "BOJ 25305", "BOJ 25305.csproj", "{DAACD0A2-51B1-44E1-9B0D-C2D623B0DEEC}"
EndProject
Global
	GlobalSection(SolutionConfigurationPlatforms) = preSolution
		Debug|Any CPU = Debug|Any CPU
		Release|Any CPU = Release|Any CPU
	EndGlobalSection
	GlobalSection(ProjectConfigurationPlatforms) = postSolution
		{DAACD0A2-51B1-44E1-9B0D-C2D623B0DEEC}.Debug|Any CPU.ActiveCfg = Debug|Any CPU
		{DAACD0A2-51B1-44E1-9B0D-C2D623B0DEEC}.Debug|Any CPU.Build.0 = Debug|Any CPU
		{DAACD0A2-51B1-44E1-9B0D-C2D623B0DEEC}.Release|Any CPU.ActiveCfg = Release|Any CPU
		{DAACD0A2-51B1-44E1-9B0D-C2D623B0DEEC}.Release|Any CPU.Build.0 = Release|Any CPU
	EndGlobalSection
	GlobalSection(SolutionProperties) = preSolution
		HideSolutionNode = FALSE
	EndGlobalSection
	GlobalSection(ExtensibilityGlobals) = postSolution
		SolutionGuid = {E1E9DD87-1A12-41EA-A47E-D391A63421C8}
	EndGlobalSection
EndGlobal
