
Microsoft Visual Studio Solution File, Format Version 12.00
# Visual Studio Version 17
VisualStudioVersion = 17.5.002.0
MinimumVisualStudioVersion = 10.0.40219.1
Project("{9A19103F-16F7-4668-BE54-9A1E7A4F7556}") = "876", "876.csproj", "{8C9997CD-2938-4C30-86B6-2718B236E5CB}"
EndProject
Global
	GlobalSection(SolutionConfigurationPlatforms) = preSolution
		Debug|Any CPU = Debug|Any CPU
		Release|Any CPU = Release|Any CPU
	EndGlobalSection
	GlobalSection(ProjectConfigurationPlatforms) = postSolution
		{8C9997CD-2938-4C30-86B6-2718B236E5CB}.Debug|Any CPU.ActiveCfg = Debug|Any CPU
		{8C9997CD-2938-4C30-86B6-2718B236E5CB}.Debug|Any CPU.Build.0 = Debug|Any CPU
		{8C9997CD-2938-4C30-86B6-2718B236E5CB}.Release|Any CPU.ActiveCfg = Release|Any CPU
		{8C9997CD-2938-4C30-86B6-2718B236E5CB}.Release|Any CPU.Build.0 = Release|Any CPU
	EndGlobalSection
	GlobalSection(SolutionProperties) = preSolution
		HideSolutionNode = FALSE
	EndGlobalSection
	GlobalSection(ExtensibilityGlobals) = postSolution
		SolutionGuid = {162B0D68-D9BF-421D-8C3D-6FC3F82531DE}
	EndGlobalSection
EndGlobal
