
Microsoft Visual Studio Solution File, Format Version 12.00
# Visual Studio Version 17
VisualStudioVersion = 17.5.002.0
MinimumVisualStudioVersion = 10.0.40219.1
Project("{9A19103F-16F7-4668-BE54-9A1E7A4F7556}") = "787", "787.csproj", "{431ABF70-1402-4563-A31E-41706B7648D7}"
EndProject
Global
	GlobalSection(SolutionConfigurationPlatforms) = preSolution
		Debug|Any CPU = Debug|Any CPU
		Release|Any CPU = Release|Any CPU
	EndGlobalSection
	GlobalSection(ProjectConfigurationPlatforms) = postSolution
		{431ABF70-1402-4563-A31E-41706B7648D7}.Debug|Any CPU.ActiveCfg = Debug|Any CPU
		{431ABF70-1402-4563-A31E-41706B7648D7}.Debug|Any CPU.Build.0 = Debug|Any CPU
		{431ABF70-1402-4563-A31E-41706B7648D7}.Release|Any CPU.ActiveCfg = Release|Any CPU
		{431ABF70-1402-4563-A31E-41706B7648D7}.Release|Any CPU.Build.0 = Release|Any CPU
	EndGlobalSection
	GlobalSection(SolutionProperties) = preSolution
		HideSolutionNode = FALSE
	EndGlobalSection
	GlobalSection(ExtensibilityGlobals) = postSolution
		SolutionGuid = {7C711E87-C598-40F5-BC01-A8764AA608DB}
	EndGlobalSection
EndGlobal
