
Microsoft Visual Studio Solution File, Format Version 12.00
# Visual Studio Version 17
VisualStudioVersion = 17.10.35013.160
MinimumVisualStudioVersion = 10.0.40219.1
Project("{FAE04EC0-301F-11D3-BF4B-00C04F79EFBC}") = "BOJ 2231", "BOJ 2231.csproj", "{2C86DEAA-68A5-4A43-8C72-FB2454FDACFA}"
EndProject
Global
	GlobalSection(SolutionConfigurationPlatforms) = preSolution
		Debug|Any CPU = Debug|Any CPU
		Release|Any CPU = Release|Any CPU
	EndGlobalSection
	GlobalSection(ProjectConfigurationPlatforms) = postSolution
		{2C86DEAA-68A5-4A43-8C72-FB2454FDACFA}.Debug|Any CPU.ActiveCfg = Debug|Any CPU
		{2C86DEAA-68A5-4A43-8C72-FB2454FDACFA}.Debug|Any CPU.Build.0 = Debug|Any CPU
		{2C86DEAA-68A5-4A43-8C72-FB2454FDACFA}.Release|Any CPU.ActiveCfg = Release|Any CPU
		{2C86DEAA-68A5-4A43-8C72-FB2454FDACFA}.Release|Any CPU.Build.0 = Release|Any CPU
	EndGlobalSection
	GlobalSection(SolutionProperties) = preSolution
		HideSolutionNode = FALSE
	EndGlobalSection
	GlobalSection(ExtensibilityGlobals) = postSolution
		SolutionGuid = {DD638A12-DC10-42ED-89E2-25C340B5DF95}
	EndGlobalSection
EndGlobal
