
Microsoft Visual Studio Solution File, Format Version 12.00
# Visual Studio Version 17
VisualStudioVersion = 17.10.35013.160
MinimumVisualStudioVersion = 10.0.40219.1
Project("{FAE04EC0-301F-11D3-BF4B-00C04F79EFBC}") = "BOJ 5622", "BOJ 5622.csproj", "{6C0D4691-3A82-4B5E-A8D0-09709070BFD1}"
EndProject
Global
	GlobalSection(SolutionConfigurationPlatforms) = preSolution
		Debug|Any CPU = Debug|Any CPU
		Release|Any CPU = Release|Any CPU
	EndGlobalSection
	GlobalSection(ProjectConfigurationPlatforms) = postSolution
		{6C0D4691-3A82-4B5E-A8D0-09709070BFD1}.Debug|Any CPU.ActiveCfg = Debug|Any CPU
		{6C0D4691-3A82-4B5E-A8D0-09709070BFD1}.Debug|Any CPU.Build.0 = Debug|Any CPU
		{6C0D4691-3A82-4B5E-A8D0-09709070BFD1}.Release|Any CPU.ActiveCfg = Release|Any CPU
		{6C0D4691-3A82-4B5E-A8D0-09709070BFD1}.Release|Any CPU.Build.0 = Release|Any CPU
	EndGlobalSection
	GlobalSection(SolutionProperties) = preSolution
		HideSolutionNode = FALSE
	EndGlobalSection
	GlobalSection(ExtensibilityGlobals) = postSolution
		SolutionGuid = {FF85F4A2-B64E-498A-BE3D-709CD979C843}
	EndGlobalSection
EndGlobal
