
Microsoft Visual Studio Solution File, Format Version 12.00
# Visual Studio Version 17
VisualStudioVersion = 17.5.002.0
MinimumVisualStudioVersion = 10.0.40219.1
Project("{9A19103F-16F7-4668-BE54-9A1E7A4F7556}") = "2630", "2630.csproj", "{5DE9588B-0813-4609-80CD-08F8B314B272}"
EndProject
Global
	GlobalSection(SolutionConfigurationPlatforms) = preSolution
		Debug|Any CPU = Debug|Any CPU
		Release|Any CPU = Release|Any CPU
	EndGlobalSection
	GlobalSection(ProjectConfigurationPlatforms) = postSolution
		{5DE9588B-0813-4609-80CD-08F8B314B272}.Debug|Any CPU.ActiveCfg = Debug|Any CPU
		{5DE9588B-0813-4609-80CD-08F8B314B272}.Debug|Any CPU.Build.0 = Debug|Any CPU
		{5DE9588B-0813-4609-80CD-08F8B314B272}.Release|Any CPU.ActiveCfg = Release|Any CPU
		{5DE9588B-0813-4609-80CD-08F8B314B272}.Release|Any CPU.Build.0 = Release|Any CPU
	EndGlobalSection
	GlobalSection(SolutionProperties) = preSolution
		HideSolutionNode = FALSE
	EndGlobalSection
	GlobalSection(ExtensibilityGlobals) = postSolution
		SolutionGuid = {47D719D5-3FB9-4541-A7F0-301E47068B25}
	EndGlobalSection
EndGlobal
